
Microsoft Visual Studio Solution File, Format Version 12.00
# Visual Studio Version 17
VisualStudioVersion = 17.0.31612.314
MinimumVisualStudioVersion = 10.0.40219.1
Project("{9A19103F-16F7-4668-BE54-9A1E7A4F7556}") = "JsonPeek", "src\JsonPeek\JsonPeek.csproj", "{AE7BB7CD-DA16-48A7-BD1F-C8C0520F47B8}"
EndProject
Project("{9A19103F-16F7-4668-BE54-9A1E7A4F7556}") = "JsonPoke", "src\JsonPoke\JsonPoke.csproj", "{B7DC4E34-6233-4483-99D9-15B491A1AAD4}"
EndProject
Project("{9A19103F-16F7-4668-BE54-9A1E7A4F7556}") = "Tests", "src\Tests\Tests.csproj", "{54FD1E41-6D02-4F47-BB73-90A76D30CAB0}"
EndProject
Project("{2150E333-8FDC-42A3-9474-1A3956D46DE8}") = "Solution Items", "Solution Items", "{58AD3669-734C-4A6F-B622-9F75D7E903C2}"
	ProjectSection(SolutionItems) = preProject
		.editorconfig = .editorconfig
		.netconfig = .netconfig
		.github\dependabot.yml = .github\dependabot.yml
		readme.md = readme.md
	EndProjectSection
EndProject
Global
	GlobalSection(SolutionConfigurationPlatforms) = preSolution
		Debug|Any CPU = Debug|Any CPU
		Release|Any CPU = Release|Any CPU
	EndGlobalSection
	GlobalSection(ProjectConfigurationPlatforms) = postSolution
		{AE7BB7CD-DA16-48A7-BD1F-C8C0520F47B8}.Debug|Any CPU.ActiveCfg = Debug|Any CPU
		{AE7BB7CD-DA16-48A7-BD1F-C8C0520F47B8}.Debug|Any CPU.Build.0 = Debug|Any CPU
		{AE7BB7CD-DA16-48A7-BD1F-C8C0520F47B8}.Release|Any CPU.ActiveCfg = Release|Any CPU
		{AE7BB7CD-DA16-48A7-BD1F-C8C0520F47B8}.Release|Any CPU.Build.0 = Release|Any CPU
		{B7DC4E34-6233-4483-99D9-15B491A1AAD4}.Debug|Any CPU.ActiveCfg = Debug|Any CPU
		{B7DC4E34-6233-4483-99D9-15B491A1AAD4}.Debug|Any CPU.Build.0 = Debug|Any CPU
		{B7DC4E34-6233-4483-99D9-15B491A1AAD4}.Release|Any CPU.ActiveCfg = Release|Any CPU
		{B7DC4E34-6233-4483-99D9-15B491A1AAD4}.Release|Any CPU.Build.0 = Release|Any CPU
		{54FD1E41-6D02-4F47-BB73-90A76D30CAB0}.Debug|Any CPU.ActiveCfg = Debug|Any CPU
		{54FD1E41-6D02-4F47-BB73-90A76D30CAB0}.Debug|Any CPU.Build.0 = Debug|Any CPU
		{54FD1E41-6D02-4F47-BB73-90A76D30CAB0}.Release|Any CPU.ActiveCfg = Release|Any CPU
		{54FD1E41-6D02-4F47-BB73-90A76D30CAB0}.Release|Any CPU.Build.0 = Release|Any CPU
	EndGlobalSection
	GlobalSection(SolutionProperties) = preSolution
		HideSolutionNode = FALSE
	EndGlobalSection
	GlobalSection(ExtensibilityGlobals) = postSolution
		SolutionGuid = {BA7FFC5E-C977-4513-B7C1-EC0EE2B552FA}
	EndGlobalSection
EndGlobal
